
Microsoft Visual Studio Solution File, Format Version 11.00
# Visual Studio 2010
Project("{FAE04EC0-301F-11D3-BF4B-00C04F79EFBC}") = "BehaviourBricksFinalChance", "Assembly-CSharp.csproj", "{0FCD5472-02FC-9AE1-0B62-2728F08BC94F}"
EndProject
Project("{FAE04EC0-301F-11D3-BF4B-00C04F79EFBC}") = "BehaviourBricksFinalChance", "Assembly-CSharp-Editor.csproj", "{D0047D67-7261-A4F8-CCDD-1E6EEF779857}"
EndProject
Global
	GlobalSection(SolutionConfigurationPlatforms) = preSolution
		Debug|Any CPU = Debug|Any CPU
		Release|Any CPU = Release|Any CPU
	EndGlobalSection
	GlobalSection(ProjectConfigurationPlatforms) = postSolution
		{0FCD5472-02FC-9AE1-0B62-2728F08BC94F}.Debug|Any CPU.ActiveCfg = Debug|Any CPU
		{0FCD5472-02FC-9AE1-0B62-2728F08BC94F}.Debug|Any CPU.Build.0 = Debug|Any CPU
		{0FCD5472-02FC-9AE1-0B62-2728F08BC94F}.Release|Any CPU.ActiveCfg = Release|Any CPU
		{0FCD5472-02FC-9AE1-0B62-2728F08BC94F}.Release|Any CPU.Build.0 = Release|Any CPU
		{D0047D67-7261-A4F8-CCDD-1E6EEF779857}.Debug|Any CPU.ActiveCfg = Debug|Any CPU
		{D0047D67-7261-A4F8-CCDD-1E6EEF779857}.Debug|Any CPU.Build.0 = Debug|Any CPU
		{D0047D67-7261-A4F8-CCDD-1E6EEF779857}.Release|Any CPU.ActiveCfg = Release|Any CPU
		{D0047D67-7261-A4F8-CCDD-1E6EEF779857}.Release|Any CPU.Build.0 = Release|Any CPU
	EndGlobalSection
	GlobalSection(SolutionProperties) = preSolution
		HideSolutionNode = FALSE
	EndGlobalSection
	GlobalSection(MonoDevelopProperties) = preSolution
		StartupItem = Assembly-CSharp.csproj
	EndGlobalSection
EndGlobal
